// !$*UTF8*$!
{
	archiveVersion = 1;
	classes = {
	};
	objectVersion = 46;
	objects = {

/* Begin PBXBuildFile section */
		229EBB061CFADAF50001AD24 /* main.m in Sources */ = {isa = PBXBuildFile; fileRef = 229EBB051CFADAF50001AD24 /* main.m */; };
		229EBB091CFADAF50001AD24 /* AppDelegate.m in Sources */ = {isa = PBXBuildFile; fileRef = 229EBB081CFADAF50001AD24 /* AppDelegate.m */; };
		229EBB0C1CFADAF50001AD24 /* ViewController.m in Sources */ = {isa = PBXBuildFile; fileRef = 229EBB0B1CFADAF50001AD24 /* ViewController.m */; };
		229EBB0F1CFADAF50001AD24 /* Main.storyboard in Resources */ = {isa = PBXBuildFile; fileRef = 229EBB0D1CFADAF50001AD24 /* Main.storyboard */; };
		229EBB111CFADAF50001AD24 /* Assets.xcassets in Resources */ = {isa = PBXBuildFile; fileRef = 229EBB101CFADAF50001AD24 /* Assets.xcassets */; };
		229EBB141CFADAF50001AD24 /* LaunchScreen.storyboard in Resources */ = {isa = PBXBuildFile; fileRef = 229EBB121CFADAF50001AD24 /* LaunchScreen.storyboard */; };
		229EBB201CFAE9F90001AD24 /* TimeIntervalWatch.m in Sources */ = {isa = PBXBuildFile; fileRef = 229EBB1F1CFAE9F90001AD24 /* TimeIntervalWatch.m */; };
		229EBB281CFAF2B80001AD24 /* Ocado_Test_Tests.m in Sources */ = {isa = PBXBuildFile; fileRef = 229EBB271CFAF2B80001AD24 /* Ocado_Test_Tests.m */; };
/* End PBXBuildFile section */

/* Begin PBXContainerItemProxy section */
		229EBB2A1CFAF2B80001AD24 /* PBXContainerItemProxy */ = {
			isa = PBXContainerItemProxy;
			containerPortal = 229EBAF91CFADAF50001AD24 /* Project object */;
			proxyType = 1;
			remoteGlobalIDString = 229EBB001CFADAF50001AD24;
			remoteInfo = Ocado_Test;
		};
/* End PBXContainerItemProxy section */

/* Begin PBXFileReference section */
		229EBB011CFADAF50001AD24 /* Ocado_Test.app */ = {isa = PBXFileReference; explicitFileType = wrapper.application; includeInIndex = 0; path = Ocado_Test.app; sourceTree = BUILT_PRODUCTS_DIR; };
		229EBB051CFADAF50001AD24 /* main.m */ = {isa = PBXFileReference; lastKnownFileType = sourcecode.c.objc; path = main.m; sourceTree = "<group>"; };
		229EBB071CFADAF50001AD24 /* AppDelegate.h */ = {isa = PBXFileReference; lastKnownFileType = sourcecode.c.h; path = AppDelegate.h; sourceTree = "<group>"; };
		229EBB081CFADAF50001AD24 /* AppDelegate.m */ = {isa = PBXFileReference; lastKnownFileType = sourcecode.c.objc; path = AppDelegate.m; sourceTree = "<group>"; };
		229EBB0A1CFADAF50001AD24 /* ViewController.h */ = {isa = PBXFileReference; lastKnownFileType = sourcecode.c.h; path = ViewController.h; sourceTree = "<group>"; };
		229EBB0B1CFADAF50001AD24 /* ViewController.m */ = {isa = PBXFileReference; lastKnownFileType = sourcecode.c.objc; path = ViewController.m; sourceTree = "<group>"; };
		229EBB0E1CFADAF50001AD24 /* Base */ = {isa = PBXFileReference; lastKnownFileType = file.storyboard; name = Base; path = Base.lproj/Main.storyboard; sourceTree = "<group>"; };
		229EBB101CFADAF50001AD24 /* Assets.xcassets */ = {isa = PBXFileReference; lastKnownFileType = folder.assetcatalog; path = Assets.xcassets; sourceTree = "<group>"; };
		229EBB131CFADAF50001AD24 /* Base */ = {isa = PBXFileReference; lastKnownFileType = file.storyboard; name = Base; path = Base.lproj/LaunchScreen.storyboard; sourceTree = "<group>"; };
		229EBB151CFADAF50001AD24 /* Info.plist */ = {isa = PBXFileReference; lastKnownFileType = text.plist.xml; path = Info.plist; sourceTree = "<group>"; };
		229EBB1E1CFAE9F90001AD24 /* TimeintervalWatch.h */ = {isa = PBXFileReference; fileEncoding = 4; lastKnownFileType = sourcecode.c.h; path = TimeintervalWatch.h; sourceTree = "<group>"; };
		229EBB1F1CFAE9F90001AD24 /* TimeIntervalWatch.m */ = {isa = PBXFileReference; fileEncoding = 4; lastKnownFileType = sourcecode.c.objc; path = TimeIntervalWatch.m; sourceTree = "<group>"; };
		229EBB251CFAF2B80001AD24 /* Ocado_Test Tests.xctest */ = {isa = PBXFileReference; explicitFileType = wrapper.cfbundle; includeInIndex = 0; path = "Ocado_Test Tests.xctest"; sourceTree = BUILT_PRODUCTS_DIR; };
		229EBB271CFAF2B80001AD24 /* Ocado_Test_Tests.m */ = {isa = PBXFileReference; lastKnownFileType = sourcecode.c.objc; path = Ocado_Test_Tests.m; sourceTree = "<group>"; };
		229EBB291CFAF2B80001AD24 /* Info.plist */ = {isa = PBXFileReference; lastKnownFileType = text.plist.xml; path = Info.plist; sourceTree = "<group>"; };
/* End PBXFileReference section */

/* Begin PBXFrameworksBuildPhase section */
		229EBAFE1CFADAF50001AD24 /* Frameworks */ = {
			isa = PBXFrameworksBuildPhase;
			buildActionMask = 2147483647;
			files = (
			);
			runOnlyForDeploymentPostprocessing = 0;
		};
		229EBB221CFAF2B80001AD24 /* Frameworks */ = {
			isa = PBXFrameworksBuildPhase;
			buildActionMask = 2147483647;
			files = (
			);
			runOnlyForDeploymentPostprocessing = 0;
		};
/* End PBXFrameworksBuildPhase section */

/* Begin PBXGroup section */
		229EBAF81CFADAF50001AD24 = {
			isa = PBXGroup;
			children = (
				229EBB031CFADAF50001AD24 /* Ocado_Test */,
				229EBB261CFAF2B80001AD24 /* Ocado_Test Tests */,
				229EBB021CFADAF50001AD24 /* Products */,
			);
			sourceTree = "<group>";
		};
		229EBB021CFADAF50001AD24 /* Products */ = {
			isa = PBXGroup;
			children = (
				229EBB011CFADAF50001AD24 /* Ocado_Test.app */,
				229EBB251CFAF2B80001AD24 /* Ocado_Test Tests.xctest */,
			);
			name = Products;
			sourceTree = "<group>";
		};
		229EBB031CFADAF50001AD24 /* Ocado_Test */ = {
			isa = PBXGroup;
			children = (
				229EBB1D1CFAE6EC0001AD24 /* Assets */,
				229EBB1C1CFAE6940001AD24 /* Controllers */,
				229EBB1B1CFAE6890001AD24 /* Models */,
				229EBB071CFADAF50001AD24 /* AppDelegate.h */,
				229EBB081CFADAF50001AD24 /* AppDelegate.m */,
				229EBB151CFADAF50001AD24 /* Info.plist */,
				229EBB041CFADAF50001AD24 /* Supporting Files */,
			);
			path = Ocado_Test;
			sourceTree = "<group>";
		};
		229EBB041CFADAF50001AD24 /* Supporting Files */ = {
			isa = PBXGroup;
			children = (
				229EBB051CFADAF50001AD24 /* main.m */,
			);
			name = "Supporting Files";
			sourceTree = "<group>";
		};
		229EBB1B1CFAE6890001AD24 /* Models */ = {
			isa = PBXGroup;
			children = (
				229EBB1E1CFAE9F90001AD24 /* TimeintervalWatch.h */,
				229EBB1F1CFAE9F90001AD24 /* TimeIntervalWatch.m */,
			);
			name = Models;
			sourceTree = "<group>";
		};
		229EBB1C1CFAE6940001AD24 /* Controllers */ = {
			isa = PBXGroup;
			children = (
				229EBB0A1CFADAF50001AD24 /* ViewController.h */,
				229EBB0B1CFADAF50001AD24 /* ViewController.m */,
			);
			name = Controllers;
			sourceTree = "<group>";
		};
		229EBB1D1CFAE6EC0001AD24 /* Assets */ = {
			isa = PBXGroup;
			children = (
				229EBB0D1CFADAF50001AD24 /* Main.storyboard */,
				229EBB101CFADAF50001AD24 /* Assets.xcassets */,
				229EBB121CFADAF50001AD24 /* LaunchScreen.storyboard */,
			);
			name = Assets;
			sourceTree = "<group>";
		};
		229EBB261CFAF2B80001AD24 /* Ocado_Test Tests */ = {
			isa = PBXGroup;
			children = (
				229EBB271CFAF2B80001AD24 /* Ocado_Test_Tests.m */,
				229EBB291CFAF2B80001AD24 /* Info.plist */,
			);
			path = "Ocado_Test Tests";
			sourceTree = "<group>";
		};
/* End PBXGroup section */

/* Begin PBXNativeTarget section */
		229EBB001CFADAF50001AD24 /* Ocado_Test */ = {
			isa = PBXNativeTarget;
			buildConfigurationList = 229EBB181CFADAF50001AD24 /* Build configuration list for PBXNativeTarget "Ocado_Test" */;
			buildPhases = (
				229EBAFD1CFADAF50001AD24 /* Sources */,
				229EBAFE1CFADAF50001AD24 /* Frameworks */,
				229EBAFF1CFADAF50001AD24 /* Resources */,
			);
			buildRules = (
			);
			dependencies = (
			);
			name = Ocado_Test;
			productName = Ocado_Test;
			productReference = 229EBB011CFADAF50001AD24 /* Ocado_Test.app */;
			productType = "com.apple.product-type.application";
		};
		229EBB241CFAF2B80001AD24 /* Ocado_Test Tests */ = {
			isa = PBXNativeTarget;
			buildConfigurationList = 229EBB2C1CFAF2B80001AD24 /* Build configuration list for PBXNativeTarget "Ocado_Test Tests" */;
			buildPhases = (
				229EBB211CFAF2B80001AD24 /* Sources */,
				229EBB221CFAF2B80001AD24 /* Frameworks */,
				229EBB231CFAF2B80001AD24 /* Resources */,
			);
			buildRules = (
			);
			dependencies = (
				229EBB2B1CFAF2B80001AD24 /* PBXTargetDependency */,
			);
			name = "Ocado_Test Tests";
			productName = "Ocado_Test Tests";
			productReference = 229EBB251CFAF2B80001AD24 /* Ocado_Test Tests.xctest */;
			productType = "com.apple.product-type.bundle.unit-test";
		};
/* End PBXNativeTarget section */

/* Begin PBXProject section */
		229EBAF91CFADAF50001AD24 /* Project object */ = {
			isa = PBXProject;
			attributes = {
				LastUpgradeCheck = 0730;
				ORGANIZATIONNAME = "Vladimir Marinov";
				TargetAttributes = {
					229EBB001CFADAF50001AD24 = {
						CreatedOnToolsVersion = 7.3;
					};
					229EBB241CFAF2B80001AD24 = {
						CreatedOnToolsVersion = 7.3;
						TestTargetID = 229EBB001CFADAF50001AD24;
					};
				};
			};
			buildConfigurationList = 229EBAFC1CFADAF50001AD24 /* Build configuration list for PBXProject "Ocado_Test" */;
			compatibilityVersion = "Xcode 3.2";
			developmentRegion = English;
			hasScannedForEncodings = 0;
			knownRegions = (
				en,
				Base,
			);
			mainGroup = 229EBAF81CFADAF50001AD24;
			productRefGroup = 229EBB021CFADAF50001AD24 /* Products */;
			projectDirPath = "";
			projectRoot = "";
			targets = (
				229EBB001CFADAF50001AD24 /* Ocado_Test */,
				229EBB241CFAF2B80001AD24 /* Ocado_Test Tests */,
			);
		};
/* End PBXProject section */

/* Begin PBXResourcesBuildPhase section */
		229EBAFF1CFADAF50001AD24 /* Resources */ = {
			isa = PBXResourcesBuildPhase;
			buildActionMask = 2147483647;
			files = (
				229EBB141CFADAF50001AD24 /* LaunchScreen.storyboard in Resources */,
				229EBB111CFADAF50001AD24 /* Assets.xcassets in Resources */,
				229EBB0F1CFADAF50001AD24 /* Main.storyboard in Resources */,
			);
			runOnlyForDeploymentPostprocessing = 0;
		};
		229EBB231CFAF2B80001AD24 /* Resources */ = {
			isa = PBXResourcesBuildPhase;
			buildActionMask = 2147483647;
			files = (
			);
			runOnlyForDeploymentPostprocessing = 0;
		};
/* End PBXResourcesBuildPhase section */

/* Begin PBXSourcesBuildPhase section */
		229EBAFD1CFADAF50001AD24 /* Sources */ = {
			isa = PBXSourcesBuildPhase;
			buildActionMask = 2147483647;
			files = (
				229EBB0C1CFADAF50001AD24 /* ViewController.m in Sources */,
				229EBB201CFAE9F90001AD24 /* TimeIntervalWatch.m in Sources */,
				229EBB091CFADAF50001AD24 /* AppDelegate.m in Sources */,
				229EBB061CFADAF50001AD24 /* main.m in Sources */,
			);
			runOnlyForDeploymentPostprocessing = 0;
		};
		229EBB211CFAF2B80001AD24 /* Sources */ = {
			isa = PBXSourcesBuildPhase;
			buildActionMask = 2147483647;
			files = (
				229EBB281CFAF2B80001AD24 /* Ocado_Test_Tests.m in Sources */,
			);
			runOnlyForDeploymentPostprocessing = 0;
		};
/* End PBXSourcesBuildPhase section */

/* Begin PBXTargetDependency section */
		229EBB2B1CFAF2B80001AD24 /* PBXTargetDependency */ = {
			isa = PBXTargetDependency;
			target = 229EBB001CFADAF50001AD24 /* Ocado_Test */;
			targetProxy = 229EBB2A1CFAF2B80001AD24 /* PBXContainerItemProxy */;
		};
/* End PBXTargetDependency section */

/* Begin PBXVariantGroup section */
		229EBB0D1CFADAF50001AD24 /* Main.storyboard */ = {
			isa = PBXVariantGroup;
			children = (
				229EBB0E1CFADAF50001AD24 /* Base */,
			);
			name = Main.storyboard;
			sourceTree = "<group>";
		};
		229EBB121CFADAF50001AD24 /* LaunchScreen.storyboard */ = {
			isa = PBXVariantGroup;
			children = (
				229EBB131CFADAF50001AD24 /* Base */,
			);
			name = LaunchScreen.storyboard;
			sourceTree = "<group>";
		};
/* End PBXVariantGroup section */

/* Begin XCBuildConfiguration section */
		229EBB161CFADAF50001AD24 /* Debug */ = {
			isa = XCBuildConfiguration;
			buildSettings = {
				ALWAYS_SEARCH_USER_PATHS = NO;
				CLANG_ANALYZER_NONNULL = YES;
				CLANG_CXX_LANGUAGE_STANDARD = "gnu++0x";
				CLANG_CXX_LIBRARY = "libc++";
				CLANG_ENABLE_MODULES = YES;
				CLANG_ENABLE_OBJC_ARC = YES;
				CLANG_WARN_BOOL_CONVERSION = YES;
				CLANG_WARN_CONSTANT_CONVERSION = YES;
				CLANG_WARN_DIRECT_OBJC_ISA_USAGE = YES_ERROR;
				CLANG_WARN_EMPTY_BODY = YES;
				CLANG_WARN_ENUM_CONVERSION = YES;
				CLANG_WARN_INT_CONVERSION = YES;
				CLANG_WARN_OBJC_ROOT_CLASS = YES_ERROR;
				CLANG_WARN_UNREACHABLE_CODE = YES;
				CLANG_WARN__DUPLICATE_METHOD_MATCH = YES;
				"CODE_SIGN_IDENTITY[sdk=iphoneos*]" = "iPhone Developer";
				COPY_PHASE_STRIP = NO;
				DEBUG_INFORMATION_FORMAT = dwarf;
				ENABLE_STRICT_OBJC_MSGSEND = YES;
				ENABLE_TESTABILITY = YES;
				GCC_C_LANGUAGE_STANDARD = gnu99;
				GCC_DYNAMIC_NO_PIC = NO;
				GCC_NO_COMMON_BLOCKS = YES;
				GCC_OPTIMIZATION_LEVEL = 0;
				GCC_PREPROCESSOR_DEFINITIONS = (
					"DEBUG=1",
					"$(inherited)",
				);
				GCC_WARN_64_TO_32_BIT_CONVERSION = YES;
				GCC_WARN_ABOUT_RETURN_TYPE = YES_ERROR;
				GCC_WARN_UNDECLARED_SELECTOR = YES;
				GCC_WARN_UNINITIALIZED_AUTOS = YES_AGGRESSIVE;
				GCC_WARN_UNUSED_FUNCTION = YES;
				GCC_WARN_UNUSED_VARIABLE = YES;
				IPHONEOS_DEPLOYMENT_TARGET = 9.3;
				MTL_ENABLE_DEBUG_INFO = YES;
				ONLY_ACTIVE_ARCH = YES;
				SDKROOT = iphoneos;
			};
			name = Debug;
		};
		229EBB171CFADAF50001AD24 /* Release */ = {
			isa = XCBuildConfiguration;
			buildSettings = {
				ALWAYS_SEARCH_USER_PATHS = NO;
				CLANG_ANALYZER_NONNULL = YES;
				CLANG_CXX_LANGUAGE_STANDARD = "gnu++0x";
				CLANG_CXX_LIBRARY = "libc++";
				CLANG_ENABLE_MODULES = YES;
				CLANG_ENABLE_OBJC_ARC = YES;
				CLANG_WARN_BOOL_CONVERSION = YES;
				CLANG_WARN_CONSTANT_CONVERSION = YES;
				CLANG_WARN_DIRECT_OBJC_ISA_USAGE = YES_ERROR;
				CLANG_WARN_EMPTY_BODY = YES;
				CLANG_WARN_ENUM_CONVERSION = YES;
				CLANG_WARN_INT_CONVERSION = YES;
				CLANG_WARN_OBJC_ROOT_CLASS = YES_ERROR;
				CLANG_WARN_UNREACHABLE_CODE = YES;
				CLANG_WARN__DUPLICATE_METHOD_MATCH = YES;
				"CODE_SIGN_IDENTITY[sdk=iphoneos*]" = "iPhone Developer";
				COPY_PHASE_STRIP = NO;
				DEBUG_INFORMATION_FORMAT = "dwarf-with-dsym";
				ENABLE_NS_ASSERTIONS = NO;
				ENABLE_STRICT_OBJC_MSGSEND = YES;
				GCC_C_LANGUAGE_STANDARD = gnu99;
				GCC_NO_COMMON_BLOCKS = YES;
				GCC_WARN_64_TO_32_BIT_CONVERSION = YES;
				GCC_WARN_ABOUT_RETURN_TYPE = YES_ERROR;
				GCC_WARN_UNDECLARED_SELECTOR = YES;
				GCC_WARN_UNINITIALIZED_AUTOS = YES_AGGRESSIVE;
				GCC_WARN_UNUSED_FUNCTION = YES;
				GCC_WARN_UNUSED_VARIABLE = YES;
				IPHONEOS_DEPLOYMENT_TARGET = 9.3;
				MTL_ENABLE_DEBUG_INFO = NO;
				SDKROOT = iphoneos;
				VALIDATE_PRODUCT = YES;
			};
			name = Release;
		};
		229EBB191CFADAF50001AD24 /* Debug */ = {
			isa = XCBuildConfiguration;
			buildSettings = {
				ASSETCATALOG_COMPILER_APPICON_NAME = AppIcon;
				INFOPLIST_FILE = Ocado_Test/Info.plist;
				LD_RUNPATH_SEARCH_PATHS = "$(inherited) @executable_path/Frameworks";
				PRODUCT_BUNDLE_IDENTIFIER = "Vladimir-Marinov.Ocado-Test";
				PRODUCT_NAME = "$(TARGET_NAME)";
				TARGETED_DEVICE_FAMILY = "1,2";
			};
			name = Debug;
		};
		229EBB1A1CFADAF50001AD24 /* Release */ = {
			isa = XCBuildConfiguration;
			buildSettings = {
				ASSETCATALOG_COMPILER_APPICON_NAME = AppIcon;
				INFOPLIST_FILE = Ocado_Test/Info.plist;
				LD_RUNPATH_SEARCH_PATHS = "$(inherited) @executable_path/Frameworks";
				PRODUCT_BUNDLE_IDENTIFIER = "Vladimir-Marinov.Ocado-Test";
				PRODUCT_NAME = "$(TARGET_NAME)";
				TARGETED_DEVICE_FAMILY = "1,2";
			};
			name = Release;
		};
		229EBB2D1CFAF2B80001AD24 /* Debug */ = {
			isa = XCBuildConfiguration;
			buildSettings = {
				BUNDLE_LOADER = "$(TEST_HOST)";
				INFOPLIST_FILE = "Ocado_Test Tests/Info.plist";
				LD_RUNPATH_SEARCH_PATHS = "$(inherited) @executable_path/Frameworks @loader_path/Frameworks";
				PRODUCT_BUNDLE_IDENTIFIER = "Vladimir-Marinov.Ocado-Test-Tests";
				PRODUCT_NAME = "$(TARGET_NAME)";
				TEST_HOST = "$(BUILT_PRODUCTS_DIR)/Ocado_Test.app/Ocado_Test";
			};
			name = Debug;
		};
		229EBB2E1CFAF2B80001AD24 /* Release */ = {
			isa = XCBuildConfiguration;
			buildSettings = {
				BUNDLE_LOADER = "$(TEST_HOST)";
				INFOPLIST_FILE = "Ocado_Test Tests/Info.plist";
				LD_RUNPATH_SEARCH_PATHS = "$(inherited) @executable_path/Frameworks @loader_path/Frameworks";
				PRODUCT_BUNDLE_IDENTIFIER = "Vladimir-Marinov.Ocado-Test-Tests";
				PRODUCT_NAME = "$(TARGET_NAME)";
				TEST_HOST = "$(BUILT_PRODUCTS_DIR)/Ocado_Test.app/Ocado_Test";
			};
			name = Release;
		};
/* End XCBuildConfiguration section */

/* Begin XCConfigurationList section */
		229EBAFC1CFADAF50001AD24 /* Build configuration list for PBXProject "Ocado_Test" */ = {
			isa = XCConfigurationList;
			buildConfigurations = (
				229EBB161CFADAF50001AD24 /* Debug */,
				229EBB171CFADAF50001AD24 /* Release */,
			);
			defaultConfigurationIsVisible = 0;
			defaultConfigurationName = Release;
		};
		229EBB181CFADAF50001AD24 /* Build configuration list for PBXNativeTarget "Ocado_Test" */ = {
			isa = XCConfigurationList;
			buildConfigurations = (
				229EBB191CFADAF50001AD24 /* Debug */,
				229EBB1A1CFADAF50001AD24 /* Release */,
			);
			defaultConfigurationIsVisible = 0;
			defaultConfigurationName = Release;
		};
		229EBB2C1CFAF2B80001AD24 /* Build configuration list for PBXNativeTarget "Ocado_Test Tests" */ = {
			isa = XCConfigurationList;
			buildConfigurations = (
				229EBB2D1CFAF2B80001AD24 /* Debug */,
				229EBB2E1CFAF2B80001AD24 /* Release */,
			);
			defaultConfigurationIsVisible = 0;
			defaultConfigurationName = Release;
		};
/* End XCConfigurationList section */
	};
	rootObject = 229EBAF91CFADAF50001AD24 /* Project object */;
}
